{
  "name": "auto-guest",
  "lockfileVersion": 2,
  "requires": true,
  "packages": {
    "": {
      "devDependencies": {
        "@types/json2mq": "^0.2.2"
      }
    },
    "node_modules/@types/json2mq": {
      "version": "0.2.2",
      "resolved": "https://registry.npmjs.org/@types/json2mq/-/json2mq-0.2.2.tgz",
      "integrity": "sha512-JqJOjbozVUnL8yP1b3Mmn+P8QBcp67hZfgf+zZmrIatxWUlll/HQRaG7mCD57uni0mVAUTpdPe6nGuNXcl9Yrg==",
      "dev": true
    }
  },
  "dependencies": {
    "@types/json2mq": {
      "version": "0.2.2",
      "resolved": "https://registry.npmjs.org/@types/json2mq/-/json2mq-0.2.2.tgz",
      "integrity": "sha512-JqJOjbozVUnL8yP1b3Mmn+P8QBcp67hZfgf+zZmrIatxWUlll/HQRaG7mCD57uni0mVAUTpdPe6nGuNXcl9Yrg==",
      "dev": true
    }
  }
}
